
Microsoft Visual Studio Solution File, Format Version 12.00
# Visual Studio Version 17
VisualStudioVersion = 17.4.33213.308
MinimumVisualStudioVersion = 10.0.40219.1
Project("{FAE04EC0-301F-11D3-BF4B-00C04F79EFBC}") = "Game.Start", "Game.Start\Game.Start.csproj", "{E254EA3F-D526-4D99-8A95-B95A708A5B72}"
EndProject
Global
	GlobalSection(SolutionConfigurationPlatforms) = preSolution
		Debug|Any CPU = Debug|Any CPU
		Release|Any CPU = Release|Any CPU
	EndGlobalSection
	GlobalSection(ProjectConfigurationPlatforms) = postSolution
		{E254EA3F-D526-4D99-8A95-B95A708A5B72}.Debug|Any CPU.ActiveCfg = Debug|Any CPU
		{E254EA3F-D526-4D99-8A95-B95A708A5B72}.Debug|Any CPU.Build.0 = Debug|Any CPU
		{E254EA3F-D526-4D99-8A95-B95A708A5B72}.Release|Any CPU.ActiveCfg = Release|Any CPU
		{E254EA3F-D526-4D99-8A95-B95A708A5B72}.Release|Any CPU.Build.0 = Release|Any CPU
	EndGlobalSection
	GlobalSection(SolutionProperties) = preSolution
		HideSolutionNode = FALSE
	EndGlobalSection
	GlobalSection(ExtensibilityGlobals) = postSolution
		SolutionGuid = {CD6ADEBC-9193-4F10-9534-8C46B0F31A44}
	EndGlobalSection
EndGlobal
